
Microsoft Visual Studio Solution File, Format Version 11.00
# Visual Studio 2010
Project("{FAE04EC0-301F-11D3-BF4B-00C04F79EFBC}") = "Ghumantu", "Assembly-CSharp.csproj", "{63827388-B2EF-05F4-9EA6-75F11161CB63}"
EndProject
Project("{FAE04EC0-301F-11D3-BF4B-00C04F79EFBC}") = "Ghumantu", "Assembly-CSharp-Editor.csproj", "{AE841E30-0685-8ABD-51CC-D3F5AE8175EF}"
EndProject
Global
	GlobalSection(SolutionConfigurationPlatforms) = preSolution
		Debug|Any CPU = Debug|Any CPU
		Release|Any CPU = Release|Any CPU
	EndGlobalSection
	GlobalSection(ProjectConfigurationPlatforms) = postSolution
		{63827388-B2EF-05F4-9EA6-75F11161CB63}.Debug|Any CPU.ActiveCfg = Debug|Any CPU
		{63827388-B2EF-05F4-9EA6-75F11161CB63}.Debug|Any CPU.Build.0 = Debug|Any CPU
		{63827388-B2EF-05F4-9EA6-75F11161CB63}.Release|Any CPU.ActiveCfg = Release|Any CPU
		{63827388-B2EF-05F4-9EA6-75F11161CB63}.Release|Any CPU.Build.0 = Release|Any CPU
		{AE841E30-0685-8ABD-51CC-D3F5AE8175EF}.Debug|Any CPU.ActiveCfg = Debug|Any CPU
		{AE841E30-0685-8ABD-51CC-D3F5AE8175EF}.Debug|Any CPU.Build.0 = Debug|Any CPU
		{AE841E30-0685-8ABD-51CC-D3F5AE8175EF}.Release|Any CPU.ActiveCfg = Release|Any CPU
		{AE841E30-0685-8ABD-51CC-D3F5AE8175EF}.Release|Any CPU.Build.0 = Release|Any CPU
	EndGlobalSection
	GlobalSection(SolutionProperties) = preSolution
		HideSolutionNode = FALSE
	EndGlobalSection
	GlobalSection(MonoDevelopProperties) = preSolution
		StartupItem = Assembly-CSharp.csproj
	EndGlobalSection
EndGlobal
